# This file is autogenerated, do not edit; changes may be undone by the next 'dep ensure'.


[[projects]]
  name = "cloud.google.com/go"
  packages = ["compute/metadata"]
  revision = "1fd54cf41e6e0e178ffe3c52b0e2260281f603e3"
  version = "v0.32.0"

[[projects]]
  name = "github.com/golang/protobuf"
  packages = ["proto"]
  revision = "aa810b61a9c79d51363740d207bb46cf8e620ed5"
  version = "v1.2.0"

[[projects]]
  name = "github.com/jroimartin/gocui"
  packages = ["."]
  revision = "c055c87ae801372cd74a0839b972db4f7697ae5f"
  version = "v0.4.0"

[[projects]]
  name = "github.com/mattn/go-runewidth"
  packages = ["."]
  revision = "ce7b0b5c7b45a81508558cd1dba6bb1e4ddb51bb"
  version = "v0.0.3"

[[projects]]
  branch = "master"
  name = "github.com/nsf/termbox-go"
  packages = ["."]
  revision = "60ab7e3d12ed91bc1b2486559c4b3a6b62297577"

[[projects]]
  branch = "master"
  name = "gitlab.com/golang-commonmark/html"
  packages = ["."]
  revision = "cfaf75183c4a5f0e44e3d51ece1065accafdd2b3"

[[projects]]
  branch = "master"
  name = "gitlab.com/golang-commonmark/linkify"
  packages = ["."]
  revision = "c22b7bdb117955ff2cc0e3724083d35e3419d71e"

[[projects]]
  branch = "master"
  name = "gitlab.com/golang-commonmark/markdown"
  packages = ["."]
  revision = "772775880e1fbf39a7804149ed11c0f714ec89fe"

[[projects]]
  branch = "master"
  name = "gitlab.com/golang-commonmark/mdurl"
  packages = ["."]
  revision = "e5bce34c34f29ecf232fec34f3982e55533ec14e"

[[projects]]
  branch = "master"
  name = "gitlab.com/golang-commonmark/puny"
  packages = ["."]
  revision = "2cd490539afe7c6fc0eda6c59ef88fa93a00ea0d"

[[projects]]
  branch = "master"
  name = "golang.org/x/net"
  packages = ["context","context/ctxhttp"]
  revision = "c10e9556a7bc0e7c942242b606f0acf024ad5d6a"

[[projects]]
  branch = "master"
  name = "golang.org/x/oauth2"
  packages = [".","google","internal","jws","jwt"]
  revision = "232e45548389bd9357411a6922a07c5fd4068bda"

[[projects]]
  name = "golang.org/x/text"
  packages = ["collate","collate/build","internal/colltab","internal/gen","internal/tag","internal/triegen","internal/ucd","language","transform","unicode/cldr","unicode/norm","unicode/rangetable"]
  revision = "f21a4dfb5e38f5895301dc265a8def02365cc3d0"
  version = "v0.3.0"

[[projects]]
  branch = "master"
  name = "google.golang.org/api"
  packages = ["gensupport","gmail/v1","googleapi","googleapi/internal/uritemplates"]
  revision = "04bb50b6b83d0e72253821af8cf3252d8e866517"

[[projects]]
  name = "google.golang.org/appengine"
  packages = [".","internal","internal/app_identity","internal/base","internal/datastore","internal/log","internal/modules","internal/remote_api","internal/urlfetch","urlfetch"]
  revision = "4a4468ece617fc8205e99368fa2200e9d1fad421"
  version = "v1.3.0"

[solve-meta]
  analyzer-name = "dep"
  analyzer-version = 1
  inputs-digest = "c5cdb2585cd6d16314fb573e60f548cc3bbfad9dd8e7cedd0a4a9cb8ca244f51"
  solver-name = "gps-cdcl"
  solver-version = 1
